// !$*UTF8*$!
{
	archiveVersion = 1;
	classes = {
	};
	objectVersion = 50;
	objects = {

/* Begin PBXBuildFile section */
		4CACEB3BA38C3A465D5A8F1B /* Pods_FinancialApp.framework in Frameworks */ = {isa = PBXBuildFile; fileRef = 8B1F17CC6EC033AFD6F71D96 /* Pods_FinancialApp.framework */; };
		4D14C78F26FF72AC003E6C6C /* AppDelegate.swift in Sources */ = {isa = PBXBuildFile; fileRef = 4D14C78E26FF72AC003E6C6C /* AppDelegate.swift */; };
		4D14C79126FF72AC003E6C6C /* SceneDelegate.swift in Sources */ = {isa = PBXBuildFile; fileRef = 4D14C79026FF72AC003E6C6C /* SceneDelegate.swift */; };
		4D14C79326FF72AC003E6C6C /* ViewController.swift in Sources */ = {isa = PBXBuildFile; fileRef = 4D14C79226FF72AC003E6C6C /* ViewController.swift */; };
		4D14C79626FF72AC003E6C6C /* Main.storyboard in Resources */ = {isa = PBXBuildFile; fileRef = 4D14C79426FF72AC003E6C6C /* Main.storyboard */; };
		4D14C79826FF72AC003E6C6C /* Assets.xcassets in Resources */ = {isa = PBXBuildFile; fileRef = 4D14C79726FF72AC003E6C6C /* Assets.xcassets */; };
		4D14C79B26FF72AC003E6C6C /* LaunchScreen.storyboard in Resources */ = {isa = PBXBuildFile; fileRef = 4D14C79926FF72AC003E6C6C /* LaunchScreen.storyboard */; };
		4D2C0B9827036698004BF202 /* TableViewController.swift in Sources */ = {isa = PBXBuildFile; fileRef = 4D2C0B9727036698004BF202 /* TableViewController.swift */; };
		4D2C0B9C27036CD7004BF202 /* CustomTableViewCell.swift in Sources */ = {isa = PBXBuildFile; fileRef = 4D2C0B9B27036CD7004BF202 /* CustomTableViewCell.swift */; };
/* End PBXBuildFile section */

/* Begin PBXFileReference section */
		4D14C78B26FF72AC003E6C6C /* FinancialApp.app */ = {isa = PBXFileReference; explicitFileType = wrapper.application; includeInIndex = 0; path = FinancialApp.app; sourceTree = BUILT_PRODUCTS_DIR; };
		4D14C78E26FF72AC003E6C6C /* AppDelegate.swift */ = {isa = PBXFileReference; lastKnownFileType = sourcecode.swift; path = AppDelegate.swift; sourceTree = "<group>"; };
		4D14C79026FF72AC003E6C6C /* SceneDelegate.swift */ = {isa = PBXFileReference; lastKnownFileType = sourcecode.swift; path = SceneDelegate.swift; sourceTree = "<group>"; };
		4D14C79226FF72AC003E6C6C /* ViewController.swift */ = {isa = PBXFileReference; lastKnownFileType = sourcecode.swift; path = ViewController.swift; sourceTree = "<group>"; };
		4D14C79526FF72AC003E6C6C /* Base */ = {isa = PBXFileReference; lastKnownFileType = file.storyboard; name = Base; path = Base.lproj/Main.storyboard; sourceTree = "<group>"; };
		4D14C79726FF72AC003E6C6C /* Assets.xcassets */ = {isa = PBXFileReference; lastKnownFileType = folder.assetcatalog; path = Assets.xcassets; sourceTree = "<group>"; };
		4D14C79A26FF72AC003E6C6C /* Base */ = {isa = PBXFileReference; lastKnownFileType = file.storyboard; name = Base; path = Base.lproj/LaunchScreen.storyboard; sourceTree = "<group>"; };
		4D14C79C26FF72AC003E6C6C /* Info.plist */ = {isa = PBXFileReference; lastKnownFileType = text.plist.xml; path = Info.plist; sourceTree = "<group>"; };
		4D2C0B9727036698004BF202 /* TableViewController.swift */ = {isa = PBXFileReference; lastKnownFileType = sourcecode.swift; path = TableViewController.swift; sourceTree = "<group>"; };
		4D2C0B9B27036CD7004BF202 /* CustomTableViewCell.swift */ = {isa = PBXFileReference; lastKnownFileType = sourcecode.swift; path = CustomTableViewCell.swift; sourceTree = "<group>"; };
		5ABA13864904229D86B732C4 /* Pods-FinancialApp.release.xcconfig */ = {isa = PBXFileReference; includeInIndex = 1; lastKnownFileType = text.xcconfig; name = "Pods-FinancialApp.release.xcconfig"; path = "Target Support Files/Pods-FinancialApp/Pods-FinancialApp.release.xcconfig"; sourceTree = "<group>"; };
		8B1F17CC6EC033AFD6F71D96 /* Pods_FinancialApp.framework */ = {isa = PBXFileReference; explicitFileType = wrapper.framework; includeInIndex = 0; path = Pods_FinancialApp.framework; sourceTree = BUILT_PRODUCTS_DIR; };
		D225A540D9BB754B1B107E07 /* Pods-FinancialApp.debug.xcconfig */ = {isa = PBXFileReference; includeInIndex = 1; lastKnownFileType = text.xcconfig; name = "Pods-FinancialApp.debug.xcconfig"; path = "Target Support Files/Pods-FinancialApp/Pods-FinancialApp.debug.xcconfig"; sourceTree = "<group>"; };
/* End PBXFileReference section */

/* Begin PBXFrameworksBuildPhase section */
		4D14C78826FF72AC003E6C6C /* Frameworks */ = {
			isa = PBXFrameworksBuildPhase;
			buildActionMask = 2147483647;
			files = (
				4CACEB3BA38C3A465D5A8F1B /* Pods_FinancialApp.framework in Frameworks */,
			);
			runOnlyForDeploymentPostprocessing = 0;
		};
/* End PBXFrameworksBuildPhase section */

/* Begin PBXGroup section */
		0E680F8C4A465F739C58C93C /* Frameworks */ = {
			isa = PBXGroup;
			children = (
				8B1F17CC6EC033AFD6F71D96 /* Pods_FinancialApp.framework */,
			);
			name = Frameworks;
			sourceTree = "<group>";
		};
		13760369ADB90964AB705F97 /* Pods */ = {
			isa = PBXGroup;
			children = (
				D225A540D9BB754B1B107E07 /* Pods-FinancialApp.debug.xcconfig */,
				5ABA13864904229D86B732C4 /* Pods-FinancialApp.release.xcconfig */,
			);
			name = Pods;
			path = Pods;
			sourceTree = "<group>";
		};
		4D14C78226FF72AC003E6C6C = {
			isa = PBXGroup;
			children = (
				4D14C78D26FF72AC003E6C6C /* FinancialApp */,
				4D14C78C26FF72AC003E6C6C /* Products */,
				13760369ADB90964AB705F97 /* Pods */,
				0E680F8C4A465F739C58C93C /* Frameworks */,
			);
			sourceTree = "<group>";
		};
		4D14C78C26FF72AC003E6C6C /* Products */ = {
			isa = PBXGroup;
			children = (
				4D14C78B26FF72AC003E6C6C /* FinancialApp.app */,
			);
			name = Products;
			sourceTree = "<group>";
		};
		4D14C78D26FF72AC003E6C6C /* FinancialApp */ = {
			isa = PBXGroup;
			children = (
				4D14C78E26FF72AC003E6C6C /* AppDelegate.swift */,
				4D14C79026FF72AC003E6C6C /* SceneDelegate.swift */,
				4D14C79226FF72AC003E6C6C /* ViewController.swift */,
				4D2C0B9727036698004BF202 /* TableViewController.swift */,
				4D14C79426FF72AC003E6C6C /* Main.storyboard */,
				4D2C0B9B27036CD7004BF202 /* CustomTableViewCell.swift */,
				4D14C79726FF72AC003E6C6C /* Assets.xcassets */,
				4D14C79926FF72AC003E6C6C /* LaunchScreen.storyboard */,
				4D14C79C26FF72AC003E6C6C /* Info.plist */,
			);
			path = FinancialApp;
			sourceTree = "<group>";
		};
/* End PBXGroup section */

/* Begin PBXNativeTarget section */
		4D14C78A26FF72AC003E6C6C /* FinancialApp */ = {
			isa = PBXNativeTarget;
			buildConfigurationList = 4D14C79F26FF72AC003E6C6C /* Build configuration list for PBXNativeTarget "FinancialApp" */;
			buildPhases = (
				7E5D8D909244EE461299A4A2 /* [CP] Check Pods Manifest.lock */,
				4D14C78726FF72AC003E6C6C /* Sources */,
				4D14C78826FF72AC003E6C6C /* Frameworks */,
				4D14C78926FF72AC003E6C6C /* Resources */,
				AD4139BC9FABA7A8BCD7A106 /* [CP] Embed Pods Frameworks */,
			);
			buildRules = (
			);
			dependencies = (
			);
			name = FinancialApp;
			productName = FinancialApp;
			productReference = 4D14C78B26FF72AC003E6C6C /* FinancialApp.app */;
			productType = "com.apple.product-type.application";
		};
/* End PBXNativeTarget section */

/* Begin PBXProject section */
		4D14C78326FF72AC003E6C6C /* Project object */ = {
			isa = PBXProject;
			attributes = {
				LastSwiftUpdateCheck = 1250;
				LastUpgradeCheck = 1250;
				TargetAttributes = {
					4D14C78A26FF72AC003E6C6C = {
						CreatedOnToolsVersion = 12.5.1;
					};
				};
			};
			buildConfigurationList = 4D14C78626FF72AC003E6C6C /* Build configuration list for PBXProject "FinancialApp" */;
			compatibilityVersion = "Xcode 9.3";
			developmentRegion = en;
			hasScannedForEncodings = 0;
			knownRegions = (
				en,
				Base,
			);
			mainGroup = 4D14C78226FF72AC003E6C6C;
			productRefGroup = 4D14C78C26FF72AC003E6C6C /* Products */;
			projectDirPath = "";
			projectRoot = "";
			targets = (
				4D14C78A26FF72AC003E6C6C /* FinancialApp */,
			);
		};
/* End PBXProject section */

/* Begin PBXResourcesBuildPhase section */
		4D14C78926FF72AC003E6C6C /* Resources */ = {
			isa = PBXResourcesBuildPhase;
			buildActionMask = 2147483647;
			files = (
				4D14C79B26FF72AC003E6C6C /* LaunchScreen.storyboard in Resources */,
				4D14C79826FF72AC003E6C6C /* Assets.xcassets in Resources */,
				4D14C79626FF72AC003E6C6C /* Main.storyboard in Resources */,
			);
			runOnlyForDeploymentPostprocessing = 0;
		};
/* End PBXResourcesBuildPhase section */

/* Begin PBXShellScriptBuildPhase section */
		7E5D8D909244EE461299A4A2 /* [CP] Check Pods Manifest.lock */ = {
			isa = PBXShellScriptBuildPhase;
			buildActionMask = 2147483647;
			files = (
			);
			inputFileListPaths = (
			);
			inputPaths = (
				"${PODS_PODFILE_DIR_PATH}/Podfile.lock",
				"${PODS_ROOT}/Manifest.lock",
			);
			name = "[CP] Check Pods Manifest.lock";
			outputFileListPaths = (
			);
			outputPaths = (
				"$(DERIVED_FILE_DIR)/Pods-FinancialApp-checkManifestLockResult.txt",
			);
			runOnlyForDeploymentPostprocessing = 0;
			shellPath = /bin/sh;
			shellScript = "diff \"${PODS_PODFILE_DIR_PATH}/Podfile.lock\" \"${PODS_ROOT}/Manifest.lock\" > /dev/null\nif [ $? != 0 ] ; then\n    # print error to STDERR\n    echo \"error: The sandbox is not in sync with the Podfile.lock. Run 'pod install' or update your CocoaPods installation.\" >&2\n    exit 1\nfi\n# This output is used by Xcode 'outputs' to avoid re-running this script phase.\necho \"SUCCESS\" > \"${SCRIPT_OUTPUT_FILE_0}\"\n";
			showEnvVarsInLog = 0;
		};
		AD4139BC9FABA7A8BCD7A106 /* [CP] Embed Pods Frameworks */ = {
			isa = PBXShellScriptBuildPhase;
			buildActionMask = 2147483647;
			files = (
			);
			inputFileListPaths = (
				"${PODS_ROOT}/Target Support Files/Pods-FinancialApp/Pods-FinancialApp-frameworks-${CONFIGURATION}-input-files.xcfilelist",
			);
			name = "[CP] Embed Pods Frameworks";
			outputFileListPaths = (
				"${PODS_ROOT}/Target Support Files/Pods-FinancialApp/Pods-FinancialApp-frameworks-${CONFIGURATION}-output-files.xcfilelist",
			);
			runOnlyForDeploymentPostprocessing = 0;
			shellPath = /bin/sh;
			shellScript = "\"${PODS_ROOT}/Target Support Files/Pods-FinancialApp/Pods-FinancialApp-frameworks.sh\"\n";
			showEnvVarsInLog = 0;
		};
/* End PBXShellScriptBuildPhase section */

/* Begin PBXSourcesBuildPhase section */
		4D14C78726FF72AC003E6C6C /* Sources */ = {
			isa = PBXSourcesBuildPhase;
			buildActionMask = 2147483647;
			files = (
				4D14C79326FF72AC003E6C6C /* ViewController.swift in Sources */,
				4D2C0B9C27036CD7004BF202 /* CustomTableViewCell.swift in Sources */,
				4D14C78F26FF72AC003E6C6C /* AppDelegate.swift in Sources */,
				4D14C79126FF72AC003E6C6C /* SceneDelegate.swift in Sources */,
				4D2C0B9827036698004BF202 /* TableViewController.swift in Sources */,
			);
			runOnlyForDeploymentPostprocessing = 0;
		};
/* End PBXSourcesBuildPhase section */

/* Begin PBXVariantGroup section */
		4D14C79426FF72AC003E6C6C /* Main.storyboard */ = {
			isa = PBXVariantGroup;
			children = (
				4D14C79526FF72AC003E6C6C /* Base */,
			);
			name = Main.storyboard;
			sourceTree = "<group>";
		};
		4D14C79926FF72AC003E6C6C /* LaunchScreen.storyboard */ = {
			isa = PBXVariantGroup;
			children = (
				4D14C79A26FF72AC003E6C6C /* Base */,
			);
			name = LaunchScreen.storyboard;
			sourceTree = "<group>";
		};
/* End PBXVariantGroup section */

/* Begin XCBuildConfiguration section */
		4D14C79D26FF72AC003E6C6C /* Debug */ = {
			isa = XCBuildConfiguration;
			buildSettings = {
				ALWAYS_SEARCH_USER_PATHS = NO;
				CLANG_ANALYZER_NONNULL = YES;
				CLANG_ANALYZER_NUMBER_OBJECT_CONVERSION = YES_AGGRESSIVE;
				CLANG_CXX_LANGUAGE_STANDARD = "gnu++14";
				CLANG_CXX_LIBRARY = "libc++";
				CLANG_ENABLE_MODULES = YES;
				CLANG_ENABLE_OBJC_ARC = YES;
				CLANG_ENABLE_OBJC_WEAK = YES;
				CLANG_WARN_BLOCK_CAPTURE_AUTORELEASING = YES;
				CLANG_WARN_BOOL_CONVERSION = YES;
				CLANG_WARN_COMMA = YES;
				CLANG_WARN_CONSTANT_CONVERSION = YES;
				CLANG_WARN_DEPRECATED_OBJC_IMPLEMENTATIONS = YES;
				CLANG_WARN_DIRECT_OBJC_ISA_USAGE = YES_ERROR;
				CLANG_WARN_DOCUMENTATION_COMMENTS = YES;
				CLANG_WARN_EMPTY_BODY = YES;
				CLANG_WARN_ENUM_CONVERSION = YES;
				CLANG_WARN_INFINITE_RECURSION = YES;
				CLANG_WARN_INT_CONVERSION = YES;
				CLANG_WARN_NON_LITERAL_NULL_CONVERSION = YES;
				CLANG_WARN_OBJC_IMPLICIT_RETAIN_SELF = YES;
				CLANG_WARN_OBJC_LITERAL_CONVERSION = YES;
				CLANG_WARN_OBJC_ROOT_CLASS = YES_ERROR;
				CLANG_WARN_QUOTED_INCLUDE_IN_FRAMEWORK_HEADER = YES;
				CLANG_WARN_RANGE_LOOP_ANALYSIS = YES;
				CLANG_WARN_STRICT_PROTOTYPES = YES;
				CLANG_WARN_SUSPICIOUS_MOVE = YES;
				CLANG_WARN_UNGUARDED_AVAILABILITY = YES_AGGRESSIVE;
				CLANG_WARN_UNREACHABLE_CODE = YES;
				CLANG_WARN__DUPLICATE_METHOD_MATCH = YES;
				COPY_PHASE_STRIP = NO;
				DEBUG_INFORMATION_FORMAT = dwarf;
				ENABLE_STRICT_OBJC_MSGSEND = YES;
				ENABLE_TESTABILITY = YES;
				GCC_C_LANGUAGE_STANDARD = gnu11;
				GCC_DYNAMIC_NO_PIC = NO;
				GCC_NO_COMMON_BLOCKS = YES;
				GCC_OPTIMIZATION_LEVEL = 0;
				GCC_PREPROCESSOR_DEFINITIONS = (
					"DEBUG=1",
					"$(inherited)",
				);
				GCC_WARN_64_TO_32_BIT_CONVERSION = YES;
				GCC_WARN_ABOUT_RETURN_TYPE = YES_ERROR;
				GCC_WARN_UNDECLARED_SELECTOR = YES;
				GCC_WARN_UNINITIALIZED_AUTOS = YES_AGGRESSIVE;
				GCC_WARN_UNUSED_FUNCTION = YES;
				GCC_WARN_UNUSED_VARIABLE = YES;
				IPHONEOS_DEPLOYMENT_TARGET = 14.5;
				MTL_ENABLE_DEBUG_INFO = INCLUDE_SOURCE;
				MTL_FAST_MATH = YES;
				ONLY_ACTIVE_ARCH = YES;
				SDKROOT = iphoneos;
				SWIFT_ACTIVE_COMPILATION_CONDITIONS = DEBUG;
				SWIFT_OPTIMIZATION_LEVEL = "-Onone";
			};
			name = Debug;
		};
		4D14C79E26FF72AC003E6C6C /* Release */ = {
			isa = XCBuildConfiguration;
			buildSettings = {
				ALWAYS_SEARCH_USER_PATHS = NO;
				CLANG_ANALYZER_NONNULL = YES;
				CLANG_ANALYZER_NUMBER_OBJECT_CONVERSION = YES_AGGRESSIVE;
				CLANG_CXX_LANGUAGE_STANDARD = "gnu++14";
				CLANG_CXX_LIBRARY = "libc++";
				CLANG_ENABLE_MODULES = YES;
				CLANG_ENABLE_OBJC_ARC = YES;
				CLANG_ENABLE_OBJC_WEAK = YES;
				CLANG_WARN_BLOCK_CAPTURE_AUTORELEASING = YES;
				CLANG_WARN_BOOL_CONVERSION = YES;
				CLANG_WARN_COMMA = YES;
				CLANG_WARN_CONSTANT_CONVERSION = YES;
				CLANG_WARN_DEPRECATED_OBJC_IMPLEMENTATIONS = YES;
				CLANG_WARN_DIRECT_OBJC_ISA_USAGE = YES_ERROR;
				CLANG_WARN_DOCUMENTATION_COMMENTS = YES;
				CLANG_WARN_EMPTY_BODY = YES;
				CLANG_WARN_ENUM_CONVERSION = YES;
				CLANG_WARN_INFINITE_RECURSION = YES;
				CLANG_WARN_INT_CONVERSION = YES;
				CLANG_WARN_NON_LITERAL_NULL_CONVERSION = YES;
				CLANG_WARN_OBJC_IMPLICIT_RETAIN_SELF = YES;
				CLANG_WARN_OBJC_LITERAL_CONVERSION = YES;
				CLANG_WARN_OBJC_ROOT_CLASS = YES_ERROR;
				CLANG_WARN_QUOTED_INCLUDE_IN_FRAMEWORK_HEADER = YES;
				CLANG_WARN_RANGE_LOOP_ANALYSIS = YES;
				CLANG_WARN_STRICT_PROTOTYPES = YES;
				CLANG_WARN_SUSPICIOUS_MOVE = YES;
				CLANG_WARN_UNGUARDED_AVAILABILITY = YES_AGGRESSIVE;
				CLANG_WARN_UNREACHABLE_CODE = YES;
				CLANG_WARN__DUPLICATE_METHOD_MATCH = YES;
				COPY_PHASE_STRIP = NO;
				DEBUG_INFORMATION_FORMAT = "dwarf-with-dsym";
				ENABLE_NS_ASSERTIONS = NO;
				ENABLE_STRICT_OBJC_MSGSEND = YES;
				GCC_C_LANGUAGE_STANDARD = gnu11;
				GCC_NO_COMMON_BLOCKS = YES;
				GCC_WARN_64_TO_32_BIT_CONVERSION = YES;
				GCC_WARN_ABOUT_RETURN_TYPE = YES_ERROR;
				GCC_WARN_UNDECLARED_SELECTOR = YES;
				GCC_WARN_UNINITIALIZED_AUTOS = YES_AGGRESSIVE;
				GCC_WARN_UNUSED_FUNCTION = YES;
				GCC_WARN_UNUSED_VARIABLE = YES;
				IPHONEOS_DEPLOYMENT_TARGET = 14.5;
				MTL_ENABLE_DEBUG_INFO = NO;
				MTL_FAST_MATH = YES;
				SDKROOT = iphoneos;
				SWIFT_COMPILATION_MODE = wholemodule;
				SWIFT_OPTIMIZATION_LEVEL = "-O";
				VALIDATE_PRODUCT = YES;
			};
			name = Release;
		};
		4D14C7A026FF72AC003E6C6C /* Debug */ = {
			isa = XCBuildConfiguration;
			baseConfigurationReference = D225A540D9BB754B1B107E07 /* Pods-FinancialApp.debug.xcconfig */;
			buildSettings = {
				ASSETCATALOG_COMPILER_APPICON_NAME = AppIcon;
				ASSETCATALOG_COMPILER_GLOBAL_ACCENT_COLOR_NAME = AccentColor;
				CODE_SIGN_STYLE = Automatic;
				DEVELOPMENT_TEAM = CBX8D35H8U;
				INFOPLIST_FILE = FinancialApp/Info.plist;
				LD_RUNPATH_SEARCH_PATHS = (
					"$(inherited)",
					"@executable_path/Frameworks",
				);
				PRODUCT_BUNDLE_IDENTIFIER = DmitryRuz.FinancialApp;
				PRODUCT_NAME = "$(TARGET_NAME)";
				SWIFT_VERSION = 5.0;
				TARGETED_DEVICE_FAMILY = "1,2";
			};
			name = Debug;
		};
		4D14C7A126FF72AC003E6C6C /* Release */ = {
			isa = XCBuildConfiguration;
			baseConfigurationReference = 5ABA13864904229D86B732C4 /* Pods-FinancialApp.release.xcconfig */;
			buildSettings = {
				ASSETCATALOG_COMPILER_APPICON_NAME = AppIcon;
				ASSETCATALOG_COMPILER_GLOBAL_ACCENT_COLOR_NAME = AccentColor;
				CODE_SIGN_STYLE = Automatic;
				DEVELOPMENT_TEAM = CBX8D35H8U;
				INFOPLIST_FILE = FinancialApp/Info.plist;
				LD_RUNPATH_SEARCH_PATHS = (
					"$(inherited)",
					"@executable_path/Frameworks",
				);
				PRODUCT_BUNDLE_IDENTIFIER = DmitryRuz.FinancialApp;
				PRODUCT_NAME = "$(TARGET_NAME)";
				SWIFT_VERSION = 5.0;
				TARGETED_DEVICE_FAMILY = "1,2";
			};
			name = Release;
		};
/* End XCBuildConfiguration section */

/* Begin XCConfigurationList section */
		4D14C78626FF72AC003E6C6C /* Build configuration list for PBXProject "FinancialApp" */ = {
			isa = XCConfigurationList;
			buildConfigurations = (
				4D14C79D26FF72AC003E6C6C /* Debug */,
				4D14C79E26FF72AC003E6C6C /* Release */,
			);
			defaultConfigurationIsVisible = 0;
			defaultConfigurationName = Release;
		};
		4D14C79F26FF72AC003E6C6C /* Build configuration list for PBXNativeTarget "FinancialApp" */ = {
			isa = XCConfigurationList;
			buildConfigurations = (
				4D14C7A026FF72AC003E6C6C /* Debug */,
				4D14C7A126FF72AC003E6C6C /* Release */,
			);
			defaultConfigurationIsVisible = 0;
			defaultConfigurationName = Release;
		};
/* End XCConfigurationList section */
	};
	rootObject = 4D14C78326FF72AC003E6C6C /* Project object */;
}
